// !$*UTF8*$!
{
	archiveVersion = 1;
	classes = {
	};
	objectVersion = 77;
	objects = {

/* Begin PBXContainerItemProxy section */
		4CDA1B512CA2A30800DAFAB1 /* PBXContainerItemProxy */ = {
			isa = PBXContainerItemProxy;
			containerPortal = 4CDA1B382CA2A30600DAFAB1 /* Project object */;
			proxyType = 1;
			remoteGlobalIDString = 4CDA1B3F2CA2A30600DAFAB1;
			remoteInfo = RickAndMorthy;
		};
		4CDA1B5B2CA2A30800DAFAB1 /* PBXContainerItemProxy */ = {
			isa = PBXContainerItemProxy;
			containerPortal = 4CDA1B382CA2A30600DAFAB1 /* Project object */;
			proxyType = 1;
			remoteGlobalIDString = 4CDA1B3F2CA2A30600DAFAB1;
			remoteInfo = RickAndMorthy;
		};
/* End PBXContainerItemProxy section */

/* Begin PBXFileReference section */
		4CDA1B402CA2A30600DAFAB1 /* RickAndMorthy.app */ = {isa = PBXFileReference; explicitFileType = wrapper.application; includeInIndex = 0; path = RickAndMorthy.app; sourceTree = BUILT_PRODUCTS_DIR; };
		4CDA1B502CA2A30800DAFAB1 /* RickAndMorthyTests.xctest */ = {isa = PBXFileReference; explicitFileType = wrapper.cfbundle; includeInIndex = 0; path = RickAndMorthyTests.xctest; sourceTree = BUILT_PRODUCTS_DIR; };
		4CDA1B5A2CA2A30800DAFAB1 /* RickAndMorthyUITests.xctest */ = {isa = PBXFileReference; explicitFileType = wrapper.cfbundle; includeInIndex = 0; path = RickAndMorthyUITests.xctest; sourceTree = BUILT_PRODUCTS_DIR; };
/* End PBXFileReference section */

/* Begin PBXFileSystemSynchronizedRootGroup section */
		4CDA1B422CA2A30600DAFAB1 /* RickAndMorthy */ = {
			isa = PBXFileSystemSynchronizedRootGroup;
			path = RickAndMorthy;
			sourceTree = "<group>";
		};
		4CDA1B532CA2A30800DAFAB1 /* RickAndMorthyTests */ = {
			isa = PBXFileSystemSynchronizedRootGroup;
			path = RickAndMorthyTests;
			sourceTree = "<group>";
		};
		4CDA1B5D2CA2A30800DAFAB1 /* RickAndMorthyUITests */ = {
			isa = PBXFileSystemSynchronizedRootGroup;
			path = RickAndMorthyUITests;
			sourceTree = "<group>";
		};
/* End PBXFileSystemSynchronizedRootGroup section */

/* Begin PBXFrameworksBuildPhase section */
		4CDA1B3D2CA2A30600DAFAB1 /* Frameworks */ = {
			isa = PBXFrameworksBuildPhase;
			buildActionMask = 2147483647;
			files = (
			);
			runOnlyForDeploymentPostprocessing = 0;
		};
		4CDA1B4D2CA2A30800DAFAB1 /* Frameworks */ = {
			isa = PBXFrameworksBuildPhase;
			buildActionMask = 2147483647;
			files = (
			);
			runOnlyForDeploymentPostprocessing = 0;
		};
		4CDA1B572CA2A30800DAFAB1 /* Frameworks */ = {
			isa = PBXFrameworksBuildPhase;
			buildActionMask = 2147483647;
			files = (
			);
			runOnlyForDeploymentPostprocessing = 0;
		};
/* End PBXFrameworksBuildPhase section */

/* Begin PBXGroup section */
		4CDA1B372CA2A30600DAFAB1 = {
			isa = PBXGroup;
			children = (
				4CDA1B422CA2A30600DAFAB1 /* RickAndMorthy */,
				4CDA1B532CA2A30800DAFAB1 /* RickAndMorthyTests */,
				4CDA1B5D2CA2A30800DAFAB1 /* RickAndMorthyUITests */,
				4CDA1B412CA2A30600DAFAB1 /* Products */,
			);
			sourceTree = "<group>";
		};
		4CDA1B412CA2A30600DAFAB1 /* Products */ = {
			isa = PBXGroup;
			children = (
				4CDA1B402CA2A30600DAFAB1 /* RickAndMorthy.app */,
				4CDA1B502CA2A30800DAFAB1 /* RickAndMorthyTests.xctest */,
				4CDA1B5A2CA2A30800DAFAB1 /* RickAndMorthyUITests.xctest */,
			);
			name = Products;
			sourceTree = "<group>";
		};
/* End PBXGroup section */

/* Begin PBXNativeTarget section */
		4CDA1B3F2CA2A30600DAFAB1 /* RickAndMorthy */ = {
			isa = PBXNativeTarget;
			buildConfigurationList = 4CDA1B642CA2A30800DAFAB1 /* Build configuration list for PBXNativeTarget "RickAndMorthy" */;
			buildPhases = (
				4CDA1B3C2CA2A30600DAFAB1 /* Sources */,
				4CDA1B3D2CA2A30600DAFAB1 /* Frameworks */,
				4CDA1B3E2CA2A30600DAFAB1 /* Resources */,
			);
			buildRules = (
			);
			dependencies = (
			);
			fileSystemSynchronizedGroups = (
				4CDA1B422CA2A30600DAFAB1 /* RickAndMorthy */,
			);
			name = RickAndMorthy;
			packageProductDependencies = (
			);
			productName = RickAndMorthy;
			productReference = 4CDA1B402CA2A30600DAFAB1 /* RickAndMorthy.app */;
			productType = "com.apple.product-type.application";
		};
		4CDA1B4F2CA2A30800DAFAB1 /* RickAndMorthyTests */ = {
			isa = PBXNativeTarget;
			buildConfigurationList = 4CDA1B672CA2A30800DAFAB1 /* Build configuration list for PBXNativeTarget "RickAndMorthyTests" */;
			buildPhases = (
				4CDA1B4C2CA2A30800DAFAB1 /* Sources */,
				4CDA1B4D2CA2A30800DAFAB1 /* Frameworks */,
				4CDA1B4E2CA2A30800DAFAB1 /* Resources */,
			);
			buildRules = (
			);
			dependencies = (
				4CDA1B522CA2A30800DAFAB1 /* PBXTargetDependency */,
			);
			fileSystemSynchronizedGroups = (
				4CDA1B532CA2A30800DAFAB1 /* RickAndMorthyTests */,
			);
			name = RickAndMorthyTests;
			packageProductDependencies = (
			);
			productName = RickAndMorthyTests;
			productReference = 4CDA1B502CA2A30800DAFAB1 /* RickAndMorthyTests.xctest */;
			productType = "com.apple.product-type.bundle.unit-test";
		};
		4CDA1B592CA2A30800DAFAB1 /* RickAndMorthyUITests */ = {
			isa = PBXNativeTarget;
			buildConfigurationList = 4CDA1B6A2CA2A30800DAFAB1 /* Build configuration list for PBXNativeTarget "RickAndMorthyUITests" */;
			buildPhases = (
				4CDA1B562CA2A30800DAFAB1 /* Sources */,
				4CDA1B572CA2A30800DAFAB1 /* Frameworks */,
				4CDA1B582CA2A30800DAFAB1 /* Resources */,
			);
			buildRules = (
			);
			dependencies = (
				4CDA1B5C2CA2A30800DAFAB1 /* PBXTargetDependency */,
			);
			fileSystemSynchronizedGroups = (
				4CDA1B5D2CA2A30800DAFAB1 /* RickAndMorthyUITests */,
			);
			name = RickAndMorthyUITests;
			packageProductDependencies = (
			);
			productName = RickAndMorthyUITests;
			productReference = 4CDA1B5A2CA2A30800DAFAB1 /* RickAndMorthyUITests.xctest */;
			productType = "com.apple.product-type.bundle.ui-testing";
		};
/* End PBXNativeTarget section */

/* Begin PBXProject section */
		4CDA1B382CA2A30600DAFAB1 /* Project object */ = {
			isa = PBXProject;
			attributes = {
				BuildIndependentTargetsInParallel = 1;
				LastSwiftUpdateCheck = 1600;
				LastUpgradeCheck = 1600;
				TargetAttributes = {
					4CDA1B3F2CA2A30600DAFAB1 = {
						CreatedOnToolsVersion = 16.0;
					};
					4CDA1B4F2CA2A30800DAFAB1 = {
						CreatedOnToolsVersion = 16.0;
						TestTargetID = 4CDA1B3F2CA2A30600DAFAB1;
					};
					4CDA1B592CA2A30800DAFAB1 = {
						CreatedOnToolsVersion = 16.0;
						TestTargetID = 4CDA1B3F2CA2A30600DAFAB1;
					};
				};
			};
			buildConfigurationList = 4CDA1B3B2CA2A30600DAFAB1 /* Build configuration list for PBXProject "RickAndMorthy" */;
			developmentRegion = en;
			hasScannedForEncodings = 0;
			knownRegions = (
				en,
				Base,
			);
			mainGroup = 4CDA1B372CA2A30600DAFAB1;
			minimizedProjectReferenceProxies = 1;
			preferredProjectObjectVersion = 77;
			productRefGroup = 4CDA1B412CA2A30600DAFAB1 /* Products */;
			projectDirPath = "";
			projectRoot = "";
			targets = (
				4CDA1B3F2CA2A30600DAFAB1 /* RickAndMorthy */,
				4CDA1B4F2CA2A30800DAFAB1 /* RickAndMorthyTests */,
				4CDA1B592CA2A30800DAFAB1 /* RickAndMorthyUITests */,
			);
		};
/* End PBXProject section */

/* Begin PBXResourcesBuildPhase section */
		4CDA1B3E2CA2A30600DAFAB1 /* Resources */ = {
			isa = PBXResourcesBuildPhase;
			buildActionMask = 2147483647;
			files = (
			);
			runOnlyForDeploymentPostprocessing = 0;
		};
		4CDA1B4E2CA2A30800DAFAB1 /* Resources */ = {
			isa = PBXResourcesBuildPhase;
			buildActionMask = 2147483647;
			files = (
			);
			runOnlyForDeploymentPostprocessing = 0;
		};
		4CDA1B582CA2A30800DAFAB1 /* Resources */ = {
			isa = PBXResourcesBuildPhase;
			buildActionMask = 2147483647;
			files = (
			);
			runOnlyForDeploymentPostprocessing = 0;
		};
/* End PBXResourcesBuildPhase section */

/* Begin PBXSourcesBuildPhase section */
		4CDA1B3C2CA2A30600DAFAB1 /* Sources */ = {
			isa = PBXSourcesBuildPhase;
			buildActionMask = 2147483647;
			files = (
			);
			runOnlyForDeploymentPostprocessing = 0;
		};
		4CDA1B4C2CA2A30800DAFAB1 /* Sources */ = {
			isa = PBXSourcesBuildPhase;
			buildActionMask = 2147483647;
			files = (
			);
			runOnlyForDeploymentPostprocessing = 0;
		};
		4CDA1B562CA2A30800DAFAB1 /* Sources */ = {
			isa = PBXSourcesBuildPhase;
			buildActionMask = 2147483647;
			files = (
			);
			runOnlyForDeploymentPostprocessing = 0;
		};
/* End PBXSourcesBuildPhase section */

/* Begin PBXTargetDependency section */
		4CDA1B522CA2A30800DAFAB1 /* PBXTargetDependency */ = {
			isa = PBXTargetDependency;
			target = 4CDA1B3F2CA2A30600DAFAB1 /* RickAndMorthy */;
			targetProxy = 4CDA1B512CA2A30800DAFAB1 /* PBXContainerItemProxy */;
		};
		4CDA1B5C2CA2A30800DAFAB1 /* PBXTargetDependency */ = {
			isa = PBXTargetDependency;
			target = 4CDA1B3F2CA2A30600DAFAB1 /* RickAndMorthy */;
			targetProxy = 4CDA1B5B2CA2A30800DAFAB1 /* PBXContainerItemProxy */;
		};
/* End PBXTargetDependency section */

/* Begin XCBuildConfiguration section */
		4CDA1B622CA2A30800DAFAB1 /* Debug */ = {
			isa = XCBuildConfiguration;
			buildSettings = {
				ALWAYS_SEARCH_USER_PATHS = NO;
				ASSETCATALOG_COMPILER_GENERATE_SWIFT_ASSET_SYMBOL_EXTENSIONS = YES;
				CLANG_ANALYZER_NONNULL = YES;
				CLANG_ANALYZER_NUMBER_OBJECT_CONVERSION = YES_AGGRESSIVE;
				CLANG_CXX_LANGUAGE_STANDARD = "gnu++20";
				CLANG_ENABLE_MODULES = YES;
				CLANG_ENABLE_OBJC_ARC = YES;
				CLANG_ENABLE_OBJC_WEAK = YES;
				CLANG_WARN_BLOCK_CAPTURE_AUTORELEASING = YES;
				CLANG_WARN_BOOL_CONVERSION = YES;
				CLANG_WARN_COMMA = YES;
				CLANG_WARN_CONSTANT_CONVERSION = YES;
				CLANG_WARN_DEPRECATED_OBJC_IMPLEMENTATIONS = YES;
				CLANG_WARN_DIRECT_OBJC_ISA_USAGE = YES_ERROR;
				CLANG_WARN_DOCUMENTATION_COMMENTS = YES;
				CLANG_WARN_EMPTY_BODY = YES;
				CLANG_WARN_ENUM_CONVERSION = YES;
				CLANG_WARN_INFINITE_RECURSION = YES;
				CLANG_WARN_INT_CONVERSION = YES;
				CLANG_WARN_NON_LITERAL_NULL_CONVERSION = YES;
				CLANG_WARN_OBJC_IMPLICIT_RETAIN_SELF = YES;
				CLANG_WARN_OBJC_LITERAL_CONVERSION = YES;
				CLANG_WARN_OBJC_ROOT_CLASS = YES_ERROR;
				CLANG_WARN_QUOTED_INCLUDE_IN_FRAMEWORK_HEADER = YES;
				CLANG_WARN_RANGE_LOOP_ANALYSIS = YES;
				CLANG_WARN_STRICT_PROTOTYPES = YES;
				CLANG_WARN_SUSPICIOUS_MOVE = YES;
				CLANG_WARN_UNGUARDED_AVAILABILITY = YES_AGGRESSIVE;
				CLANG_WARN_UNREACHABLE_CODE = YES;
				CLANG_WARN__DUPLICATE_METHOD_MATCH = YES;
				COPY_PHASE_STRIP = NO;
				DEBUG_INFORMATION_FORMAT = dwarf;
				ENABLE_STRICT_OBJC_MSGSEND = YES;
				ENABLE_TESTABILITY = YES;
				ENABLE_USER_SCRIPT_SANDBOXING = YES;
				GCC_C_LANGUAGE_STANDARD = gnu17;
				GCC_DYNAMIC_NO_PIC = NO;
				GCC_NO_COMMON_BLOCKS = YES;
				GCC_OPTIMIZATION_LEVEL = 0;
				GCC_PREPROCESSOR_DEFINITIONS = (
					"DEBUG=1",
					"$(inherited)",
				);
				GCC_WARN_64_TO_32_BIT_CONVERSION = YES;
				GCC_WARN_ABOUT_RETURN_TYPE = YES_ERROR;
				GCC_WARN_UNDECLARED_SELECTOR = YES;
				GCC_WARN_UNINITIALIZED_AUTOS = YES_AGGRESSIVE;
				GCC_WARN_UNUSED_FUNCTION = YES;
				GCC_WARN_UNUSED_VARIABLE = YES;
				IPHONEOS_DEPLOYMENT_TARGET = 18.0;
				LOCALIZATION_PREFERS_STRING_CATALOGS = YES;
				MTL_ENABLE_DEBUG_INFO = INCLUDE_SOURCE;
				MTL_FAST_MATH = YES;
				ONLY_ACTIVE_ARCH = YES;
				SDKROOT = iphoneos;
				SWIFT_ACTIVE_COMPILATION_CONDITIONS = "DEBUG $(inherited)";
				SWIFT_OPTIMIZATION_LEVEL = "-Onone";
			};
			name = Debug;
		};
		4CDA1B632CA2A30800DAFAB1 /* Release */ = {
			isa = XCBuildConfiguration;
			buildSettings = {
				ALWAYS_SEARCH_USER_PATHS = NO;
				ASSETCATALOG_COMPILER_GENERATE_SWIFT_ASSET_SYMBOL_EXTENSIONS = YES;
				CLANG_ANALYZER_NONNULL = YES;
				CLANG_ANALYZER_NUMBER_OBJECT_CONVERSION = YES_AGGRESSIVE;
				CLANG_CXX_LANGUAGE_STANDARD = "gnu++20";
				CLANG_ENABLE_MODULES = YES;
				CLANG_ENABLE_OBJC_ARC = YES;
				CLANG_ENABLE_OBJC_WEAK = YES;
				CLANG_WARN_BLOCK_CAPTURE_AUTORELEASING = YES;
				CLANG_WARN_BOOL_CONVERSION = YES;
				CLANG_WARN_COMMA = YES;
				CLANG_WARN_CONSTANT_CONVERSION = YES;
				CLANG_WARN_DEPRECATED_OBJC_IMPLEMENTATIONS = YES;
				CLANG_WARN_DIRECT_OBJC_ISA_USAGE = YES_ERROR;
				CLANG_WARN_DOCUMENTATION_COMMENTS = YES;
				CLANG_WARN_EMPTY_BODY = YES;
				CLANG_WARN_ENUM_CONVERSION = YES;
				CLANG_WARN_INFINITE_RECURSION = YES;
				CLANG_WARN_INT_CONVERSION = YES;
				CLANG_WARN_NON_LITERAL_NULL_CONVERSION = YES;
				CLANG_WARN_OBJC_IMPLICIT_RETAIN_SELF = YES;
				CLANG_WARN_OBJC_LITERAL_CONVERSION = YES;
				CLANG_WARN_OBJC_ROOT_CLASS = YES_ERROR;
				CLANG_WARN_QUOTED_INCLUDE_IN_FRAMEWORK_HEADER = YES;
				CLANG_WARN_RANGE_LOOP_ANALYSIS = YES;
				CLANG_WARN_STRICT_PROTOTYPES = YES;
				CLANG_WARN_SUSPICIOUS_MOVE = YES;
				CLANG_WARN_UNGUARDED_AVAILABILITY = YES_AGGRESSIVE;
				CLANG_WARN_UNREACHABLE_CODE = YES;
				CLANG_WARN__DUPLICATE_METHOD_MATCH = YES;
				COPY_PHASE_STRIP = NO;
				DEBUG_INFORMATION_FORMAT = "dwarf-with-dsym";
				ENABLE_NS_ASSERTIONS = NO;
				ENABLE_STRICT_OBJC_MSGSEND = YES;
				ENABLE_USER_SCRIPT_SANDBOXING = YES;
				GCC_C_LANGUAGE_STANDARD = gnu17;
				GCC_NO_COMMON_BLOCKS = YES;
				GCC_WARN_64_TO_32_BIT_CONVERSION = YES;
				GCC_WARN_ABOUT_RETURN_TYPE = YES_ERROR;
				GCC_WARN_UNDECLARED_SELECTOR = YES;
				GCC_WARN_UNINITIALIZED_AUTOS = YES_AGGRESSIVE;
				GCC_WARN_UNUSED_FUNCTION = YES;
				GCC_WARN_UNUSED_VARIABLE = YES;
				IPHONEOS_DEPLOYMENT_TARGET = 18.0;
				LOCALIZATION_PREFERS_STRING_CATALOGS = YES;
				MTL_ENABLE_DEBUG_INFO = NO;
				MTL_FAST_MATH = YES;
				SDKROOT = iphoneos;
				SWIFT_COMPILATION_MODE = wholemodule;
				VALIDATE_PRODUCT = YES;
			};
			name = Release;
		};
		4CDA1B652CA2A30800DAFAB1 /* Debug */ = {
			isa = XCBuildConfiguration;
			buildSettings = {
				ASSETCATALOG_COMPILER_APPICON_NAME = AppIcon;
				ASSETCATALOG_COMPILER_GLOBAL_ACCENT_COLOR_NAME = AccentColor;
				CODE_SIGN_STYLE = Automatic;
				CURRENT_PROJECT_VERSION = 1;
				DEVELOPMENT_ASSET_PATHS = "\"RickAndMorthy/Preview Content\"";
				DEVELOPMENT_TEAM = 62Z47HCZ8F;
				ENABLE_PREVIEWS = YES;
				GENERATE_INFOPLIST_FILE = YES;
				INFOPLIST_KEY_UIApplicationSceneManifest_Generation = YES;
				INFOPLIST_KEY_UIApplicationSupportsIndirectInputEvents = YES;
				INFOPLIST_KEY_UILaunchScreen_Generation = YES;
				INFOPLIST_KEY_UISupportedInterfaceOrientations_iPad = "UIInterfaceOrientationPortrait UIInterfaceOrientationPortraitUpsideDown UIInterfaceOrientationLandscapeLeft UIInterfaceOrientationLandscapeRight";
				INFOPLIST_KEY_UISupportedInterfaceOrientations_iPhone = "UIInterfaceOrientationPortrait UIInterfaceOrientationLandscapeLeft UIInterfaceOrientationLandscapeRight";
				LD_RUNPATH_SEARCH_PATHS = (
					"$(inherited)",
					"@executable_path/Frameworks",
				);
				MARKETING_VERSION = 1.0;
				PRODUCT_BUNDLE_IDENTIFIER = maruashvililasha.RickAndMorthy;
				PRODUCT_NAME = "$(TARGET_NAME)";
				SWIFT_EMIT_LOC_STRINGS = YES;
				SWIFT_VERSION = 5.0;
				TARGETED_DEVICE_FAMILY = "1,2";
			};
			name = Debug;
		};
		4CDA1B662CA2A30800DAFAB1 /* Release */ = {
			isa = XCBuildConfiguration;
			buildSettings = {
				ASSETCATALOG_COMPILER_APPICON_NAME = AppIcon;
				ASSETCATALOG_COMPILER_GLOBAL_ACCENT_COLOR_NAME = AccentColor;
				CODE_SIGN_STYLE = Automatic;
				CURRENT_PROJECT_VERSION = 1;
				DEVELOPMENT_ASSET_PATHS = "\"RickAndMorthy/Preview Content\"";
				DEVELOPMENT_TEAM = 62Z47HCZ8F;
				ENABLE_PREVIEWS = YES;
				GENERATE_INFOPLIST_FILE = YES;
				INFOPLIST_KEY_UIApplicationSceneManifest_Generation = YES;
				INFOPLIST_KEY_UIApplicationSupportsIndirectInputEvents = YES;
				INFOPLIST_KEY_UILaunchScreen_Generation = YES;
				INFOPLIST_KEY_UISupportedInterfaceOrientations_iPad = "UIInterfaceOrientationPortrait UIInterfaceOrientationPortraitUpsideDown UIInterfaceOrientationLandscapeLeft UIInterfaceOrientationLandscapeRight";
				INFOPLIST_KEY_UISupportedInterfaceOrientations_iPhone = "UIInterfaceOrientationPortrait UIInterfaceOrientationLandscapeLeft UIInterfaceOrientationLandscapeRight";
				LD_RUNPATH_SEARCH_PATHS = (
					"$(inherited)",
					"@executable_path/Frameworks",
				);
				MARKETING_VERSION = 1.0;
				PRODUCT_BUNDLE_IDENTIFIER = maruashvililasha.RickAndMorthy;
				PRODUCT_NAME = "$(TARGET_NAME)";
				SWIFT_EMIT_LOC_STRINGS = YES;
				SWIFT_VERSION = 5.0;
				TARGETED_DEVICE_FAMILY = "1,2";
			};
			name = Release;
		};
		4CDA1B682CA2A30800DAFAB1 /* Debug */ = {
			isa = XCBuildConfiguration;
			buildSettings = {
				BUNDLE_LOADER = "$(TEST_HOST)";
				CODE_SIGN_STYLE = Automatic;
				CURRENT_PROJECT_VERSION = 1;
				DEVELOPMENT_TEAM = 62Z47HCZ8F;
				GENERATE_INFOPLIST_FILE = YES;
				IPHONEOS_DEPLOYMENT_TARGET = 18.0;
				MARKETING_VERSION = 1.0;
				PRODUCT_BUNDLE_IDENTIFIER = maruashvililasha.RickAndMorthyTests;
				PRODUCT_NAME = "$(TARGET_NAME)";
				SWIFT_EMIT_LOC_STRINGS = NO;
				SWIFT_VERSION = 5.0;
				TARGETED_DEVICE_FAMILY = "1,2";
				TEST_HOST = "$(BUILT_PRODUCTS_DIR)/RickAndMorthy.app/$(BUNDLE_EXECUTABLE_FOLDER_PATH)/RickAndMorthy";
			};
			name = Debug;
		};
		4CDA1B692CA2A30800DAFAB1 /* Release */ = {
			isa = XCBuildConfiguration;
			buildSettings = {
				BUNDLE_LOADER = "$(TEST_HOST)";
				CODE_SIGN_STYLE = Automatic;
				CURRENT_PROJECT_VERSION = 1;
				DEVELOPMENT_TEAM = 62Z47HCZ8F;
				GENERATE_INFOPLIST_FILE = YES;
				IPHONEOS_DEPLOYMENT_TARGET = 18.0;
				MARKETING_VERSION = 1.0;
				PRODUCT_BUNDLE_IDENTIFIER = maruashvililasha.RickAndMorthyTests;
				PRODUCT_NAME = "$(TARGET_NAME)";
				SWIFT_EMIT_LOC_STRINGS = NO;
				SWIFT_VERSION = 5.0;
				TARGETED_DEVICE_FAMILY = "1,2";
				TEST_HOST = "$(BUILT_PRODUCTS_DIR)/RickAndMorthy.app/$(BUNDLE_EXECUTABLE_FOLDER_PATH)/RickAndMorthy";
			};
			name = Release;
		};
		4CDA1B6B2CA2A30800DAFAB1 /* Debug */ = {
			isa = XCBuildConfiguration;
			buildSettings = {
				CODE_SIGN_STYLE = Automatic;
				CURRENT_PROJECT_VERSION = 1;
				DEVELOPMENT_TEAM = 62Z47HCZ8F;
				GENERATE_INFOPLIST_FILE = YES;
				MARKETING_VERSION = 1.0;
				PRODUCT_BUNDLE_IDENTIFIER = maruashvililasha.RickAndMorthyUITests;
				PRODUCT_NAME = "$(TARGET_NAME)";
				SWIFT_EMIT_LOC_STRINGS = NO;
				SWIFT_VERSION = 5.0;
				TARGETED_DEVICE_FAMILY = "1,2";
				TEST_TARGET_NAME = RickAndMorthy;
			};
			name = Debug;
		};
		4CDA1B6C2CA2A30800DAFAB1 /* Release */ = {
			isa = XCBuildConfiguration;
			buildSettings = {
				CODE_SIGN_STYLE = Automatic;
				CURRENT_PROJECT_VERSION = 1;
				DEVELOPMENT_TEAM = 62Z47HCZ8F;
				GENERATE_INFOPLIST_FILE = YES;
				MARKETING_VERSION = 1.0;
				PRODUCT_BUNDLE_IDENTIFIER = maruashvililasha.RickAndMorthyUITests;
				PRODUCT_NAME = "$(TARGET_NAME)";
				SWIFT_EMIT_LOC_STRINGS = NO;
				SWIFT_VERSION = 5.0;
				TARGETED_DEVICE_FAMILY = "1,2";
				TEST_TARGET_NAME = RickAndMorthy;
			};
			name = Release;
		};
/* End XCBuildConfiguration section */

/* Begin XCConfigurationList section */
		4CDA1B3B2CA2A30600DAFAB1 /* Build configuration list for PBXProject "RickAndMorthy" */ = {
			isa = XCConfigurationList;
			buildConfigurations = (
				4CDA1B622CA2A30800DAFAB1 /* Debug */,
				4CDA1B632CA2A30800DAFAB1 /* Release */,
			);
			defaultConfigurationIsVisible = 0;
			defaultConfigurationName = Release;
		};
		4CDA1B642CA2A30800DAFAB1 /* Build configuration list for PBXNativeTarget "RickAndMorthy" */ = {
			isa = XCConfigurationList;
			buildConfigurations = (
				4CDA1B652CA2A30800DAFAB1 /* Debug */,
				4CDA1B662CA2A30800DAFAB1 /* Release */,
			);
			defaultConfigurationIsVisible = 0;
			defaultConfigurationName = Release;
		};
		4CDA1B672CA2A30800DAFAB1 /* Build configuration list for PBXNativeTarget "RickAndMorthyTests" */ = {
			isa = XCConfigurationList;
			buildConfigurations = (
				4CDA1B682CA2A30800DAFAB1 /* Debug */,
				4CDA1B692CA2A30800DAFAB1 /* Release */,
			);
			defaultConfigurationIsVisible = 0;
			defaultConfigurationName = Release;
		};
		4CDA1B6A2CA2A30800DAFAB1 /* Build configuration list for PBXNativeTarget "RickAndMorthyUITests" */ = {
			isa = XCConfigurationList;
			buildConfigurations = (
				4CDA1B6B2CA2A30800DAFAB1 /* Debug */,
				4CDA1B6C2CA2A30800DAFAB1 /* Release */,
			);
			defaultConfigurationIsVisible = 0;
			defaultConfigurationName = Release;
		};
/* End XCConfigurationList section */
	};
	rootObject = 4CDA1B382CA2A30600DAFAB1 /* Project object */;
}
